<?xml version="1.0" encoding="utf-8"?>
<Project ToolsVersion="4.0" xmlns="http://schemas.microsoft.com/developer/msbuild/2003">
  <ItemGroup>
    <Filter Include="Interpreter">
      <UniqueIdentifier>{11739f18-4a21-4b86-9cbd-162ed4340595}</UniqueIdentifier>
    </Filter>
    <Filter Include="Compiler">
      <UniqueIdentifier>{a395ddbd-48a4-4b1b-b932-c9865581ae7e}</UniqueIdentifier>
    </Filter>
    <Filter Include="App">
      <UniqueIdentifier>{6a76ded0-5b58-455b-b5c4-410742c6f95f}</UniqueIdentifier>
    </Filter>
    <Filter Include="src">
      <UniqueIdentifier>{3f51d996-8884-4cf5-aa6e-96febfe3a527}</UniqueIdentifier>
    </Filter>
    <Filter Include="Files">
      <UniqueIdentifier>{72a2bd0b-a15b-49fc-82d2-136dcb94c571}</UniqueIdentifier>
    </Filter>
    <Filter Include="Interpreter\Registers">
      <UniqueIdentifier>{eb0d58bb-4cf4-46d9-801a-2f5ff90a3d26}</UniqueIdentifier>
    </Filter>
  </ItemGroup>
  <ItemGroup>
    <ClCompile Include="Compiler\Compiler.cpp">
      <Filter>Compiler</Filter>
    </ClCompile>
    <ClCompile Include="Compiler\Code.cpp">
      <Filter>Compiler</Filter>
    </ClCompile>
    <ClCompile Include="Compiler\FileManager.cpp">
      <Filter>Compiler</Filter>
    </ClCompile>
    <ClCompile Include="Compiler\Linker.cpp">
      <Filter>Compiler</Filter>
    </ClCompile>
    <ClCompile Include="Compiler\ParsedFile.cpp">
      <Filter>Compiler</Filter>
    </ClCompile>
    <ClCompile Include="Compiler\Parser.cpp">
      <Filter>Compiler</Filter>
    </ClCompile>
    <ClCompile Include="Interpreter\CPU.cpp">
      <Filter>Interpreter</Filter>
    </ClCompile>
    <ClCompile Include="Interpreter\Interpreter.cpp">
      <Filter>Interpreter</Filter>
    </ClCompile>
    <ClCompile Include="Interpreter\Memory.cpp">
      <Filter>Interpreter</Filter>
    </ClCompile>
    <ClCompile Include="Interpreter\Processor.cpp">
      <Filter>Interpreter</Filter>
    </ClCompile>
    <ClCompile Include="Interpreter\VM.cpp">
      <Filter>Interpreter</Filter>
    </ClCompile>
    <ClCompile Include="src\Command.cpp">
      <Filter>src</Filter>
    </ClCompile>
    <ClCompile Include="App\ExecutionManager.cpp">
      <Filter>App</Filter>
    </ClCompile>
    <ClCompile Include="App\main.cpp">
      <Filter>App</Filter>
    </ClCompile>
    <ClCompile Include="Interpreter\Registers\StatusRegisters.cpp">
      <Filter>Interpreter\Registers</Filter>
    </ClCompile>
  </ItemGroup>
  <ItemGroup>
    <ClInclude Include="Compiler\Compiler.h">
      <Filter>Compiler</Filter>
    </ClInclude>
    <ClInclude Include="Compiler\Code.h">
      <Filter>Compiler</Filter>
    </ClInclude>
    <ClInclude Include="Compiler\FileManager.h">
      <Filter>Compiler</Filter>
    </ClInclude>
    <ClInclude Include="Compiler\Linker.h">
      <Filter>Compiler</Filter>
    </ClInclude>
    <ClInclude Include="Compiler\ParsedFile.h">
      <Filter>Compiler</Filter>
    </ClInclude>
    <ClInclude Include="Compiler\Parser.h">
      <Filter>Compiler</Filter>
    </ClInclude>
    <ClInclude Include="Interpreter\CPU.h">
      <Filter>Interpreter</Filter>
    </ClInclude>
    <ClInclude Include="Interpreter\Interpreter.h">
      <Filter>Interpreter</Filter>
    </ClInclude>
    <ClInclude Include="Interpreter\Memory.h">
      <Filter>Interpreter</Filter>
    </ClInclude>
    <ClInclude Include="Interpreter\Processor.h">
      <Filter>Interpreter</Filter>
    </ClInclude>
    <ClInclude Include="Interpreter\VM.h">
      <Filter>Interpreter</Filter>
    </ClInclude>
    <ClInclude Include="src\Command.h">
      <Filter>src</Filter>
    </ClInclude>
    <ClInclude Include="src\decl.h">
      <Filter>src</Filter>
    </ClInclude>
    <ClInclude Include="App\ExecutionManager.h">
      <Filter>App</Filter>
    </ClInclude>
    <ClInclude Include="Interpreter\Registers\AddressRegisters.h">
      <Filter>Interpreter\Registers</Filter>
    </ClInclude>
    <ClInclude Include="Interpreter\Registers\DataRegisters.h">
      <Filter>Interpreter\Registers</Filter>
    </ClInclude>
    <ClInclude Include="Interpreter\Registers\StatusRegisters.h">
      <Filter>Interpreter\Registers</Filter>
    </ClInclude>
  </ItemGroup>
  <ItemGroup>
    <Text Include="Files\assembly1.txt">
      <Filter>Files</Filter>
    </Text>
    <Text Include="Files\assembly2.txt">
      <Filter>Files</Filter>
    </Text>
  </ItemGroup>
  <ItemGroup>
    <None Include="Files\BynaryFile.bin">
      <Filter>Files</Filter>
    </None>
  </ItemGroup>
</Project>